
Microsoft Visual Studio Solution File, Format Version 12.00
Project("{2150E333-8FDC-42A3-9474-1A3956D46DE8}") = "Documentation", "Documentation", "{8E7A669D-305A-40A5-A81C-E52242E0B98D}"
EndProject
Project("{FAE04EC0-301F-11D3-BF4B-00C04F79EFBC}") = "Docs", "Docs\Docs.csproj", "{CF491341-E031-40C6-BA92-E5E76E10C7F7}"
EndProject
Project("{2150E333-8FDC-42A3-9474-1A3956D46DE8}") = "src", "src", "{8D2981BA-4C30-42F8-A2E4-2933F4E46681}"
EndProject
Project("{2150E333-8FDC-42A3-9474-1A3956D46DE8}") = "Core", "Core", "{D06EE814-6100-4D1F-B574-D864D55445F8}"
EndProject
Project("{2150E333-8FDC-42A3-9474-1A3956D46DE8}") = "Tools", "Tools", "{436309CE-226C-4ABC-8731-6517D98C28C6}"
EndProject
Project("{FAE04EC0-301F-11D3-BF4B-00C04F79EFBC}") = "ViaEventManagmentSystem.Core.Tools.OperationResult", "src\Core\Tools\ViaEventManagmentSystem.Core.Tools.OperationResult\ViaEventManagmentSystem.Core.Tools.OperationResult.csproj", "{71B684EB-7B1F-4D22-B8B1-C0053415C679}"
EndProject
Project("{2150E333-8FDC-42A3-9474-1A3956D46DE8}") = "Tests", "Tests", "{4F5EA84C-364A-4055-8ED5-377F8C68AB1F}"
EndProject
Project("{FAE04EC0-301F-11D3-BF4B-00C04F79EFBC}") = "UnitTests", "Tests\UnitTests\UnitTests.csproj", "{3691FAEB-C3BB-4862-9246-1EB06D9D42DE}"
EndProject
Project("{FAE04EC0-301F-11D3-BF4B-00C04F79EFBC}") = "ViaEventManagmentSystem.Core.Domain", "src\Core\ViaEventManagmentSystem.Core.Domain\ViaEventManagmentSystem.Core.Domain.csproj", "{948E41FE-7BA2-40A8-97C8-3DA9D14E1DFC}"
EndProject
Project("{FAE04EC0-301F-11D3-BF4B-00C04F79EFBC}") = "ViaEventManagmentSystem.Core.Application", "src\Core\ViaEventManagmentSystem.Core.Application\ViaEventManagmentSystem.Core.Application.csproj", "{0F5E6DEE-258A-4861-B964-AFBE246A5B0F}"
EndProject
Project("{FAE04EC0-301F-11D3-BF4B-00C04F79EFBC}") = "ViaEventManagmentSystem.Core.AppEntry", "src\Core\ViaEventManagmentSystem.Core.AppEntry\ViaEventManagmentSystem.Core.AppEntry.csproj", "{C4665CBD-E6A9-41BD-9532-8F57FC3DA165}"
EndProject
Project("{2150E333-8FDC-42A3-9474-1A3956D46DE8}") = "Infrastracture", "Infrastracture", "{01679CF6-C1FC-40ED-A426-05ACC97337A7}"
EndProject
Project("{FAE04EC0-301F-11D3-BF4B-00C04F79EFBC}") = "ViaEventManagmentSystem.Infrastracure.SqliteDataWrite", "src\Infrastracure\ViaEventManagmentSystem.Infrastracure.SqliteDataWrite\ViaEventManagmentSystem.Infrastracure.SqliteDataWrite.csproj", "{AD724731-D46D-4DB0-959B-B4D90EB01FFB}"
EndProject
Project("{FAE04EC0-301F-11D3-BF4B-00C04F79EFBC}") = "IntegrationTests", "Tests\IntegrationTests\IntegrationTests.csproj", "{DA028CD8-6E0F-418A-977D-F87650C9F750}"
EndProject
Global
	GlobalSection(SolutionConfigurationPlatforms) = preSolution
		Debug|Any CPU = Debug|Any CPU
		Release|Any CPU = Release|Any CPU
	EndGlobalSection
	GlobalSection(NestedProjects) = preSolution
		{CF491341-E031-40C6-BA92-E5E76E10C7F7} = {8E7A669D-305A-40A5-A81C-E52242E0B98D}
		{D06EE814-6100-4D1F-B574-D864D55445F8} = {8D2981BA-4C30-42F8-A2E4-2933F4E46681}
		{436309CE-226C-4ABC-8731-6517D98C28C6} = {D06EE814-6100-4D1F-B574-D864D55445F8}
		{71B684EB-7B1F-4D22-B8B1-C0053415C679} = {436309CE-226C-4ABC-8731-6517D98C28C6}
		{3691FAEB-C3BB-4862-9246-1EB06D9D42DE} = {4F5EA84C-364A-4055-8ED5-377F8C68AB1F}
		{948E41FE-7BA2-40A8-97C8-3DA9D14E1DFC} = {D06EE814-6100-4D1F-B574-D864D55445F8}
		{0F5E6DEE-258A-4861-B964-AFBE246A5B0F} = {D06EE814-6100-4D1F-B574-D864D55445F8}
		{C4665CBD-E6A9-41BD-9532-8F57FC3DA165} = {D06EE814-6100-4D1F-B574-D864D55445F8}
		{01679CF6-C1FC-40ED-A426-05ACC97337A7} = {8D2981BA-4C30-42F8-A2E4-2933F4E46681}
		{AD724731-D46D-4DB0-959B-B4D90EB01FFB} = {01679CF6-C1FC-40ED-A426-05ACC97337A7}
		{DA028CD8-6E0F-418A-977D-F87650C9F750} = {4F5EA84C-364A-4055-8ED5-377F8C68AB1F}
	EndGlobalSection
	GlobalSection(ProjectConfigurationPlatforms) = postSolution
		{CF491341-E031-40C6-BA92-E5E76E10C7F7}.Debug|Any CPU.ActiveCfg = Debug|Any CPU
		{CF491341-E031-40C6-BA92-E5E76E10C7F7}.Debug|Any CPU.Build.0 = Debug|Any CPU
		{CF491341-E031-40C6-BA92-E5E76E10C7F7}.Release|Any CPU.ActiveCfg = Release|Any CPU
		{CF491341-E031-40C6-BA92-E5E76E10C7F7}.Release|Any CPU.Build.0 = Release|Any CPU
		{71B684EB-7B1F-4D22-B8B1-C0053415C679}.Debug|Any CPU.ActiveCfg = Debug|Any CPU
		{71B684EB-7B1F-4D22-B8B1-C0053415C679}.Debug|Any CPU.Build.0 = Debug|Any CPU
		{71B684EB-7B1F-4D22-B8B1-C0053415C679}.Release|Any CPU.ActiveCfg = Release|Any CPU
		{71B684EB-7B1F-4D22-B8B1-C0053415C679}.Release|Any CPU.Build.0 = Release|Any CPU
		{3691FAEB-C3BB-4862-9246-1EB06D9D42DE}.Debug|Any CPU.ActiveCfg = Debug|Any CPU
		{3691FAEB-C3BB-4862-9246-1EB06D9D42DE}.Debug|Any CPU.Build.0 = Debug|Any CPU
		{3691FAEB-C3BB-4862-9246-1EB06D9D42DE}.Release|Any CPU.ActiveCfg = Release|Any CPU
		{3691FAEB-C3BB-4862-9246-1EB06D9D42DE}.Release|Any CPU.Build.0 = Release|Any CPU
		{948E41FE-7BA2-40A8-97C8-3DA9D14E1DFC}.Debug|Any CPU.ActiveCfg = Debug|Any CPU
		{948E41FE-7BA2-40A8-97C8-3DA9D14E1DFC}.Debug|Any CPU.Build.0 = Debug|Any CPU
		{948E41FE-7BA2-40A8-97C8-3DA9D14E1DFC}.Release|Any CPU.ActiveCfg = Release|Any CPU
		{948E41FE-7BA2-40A8-97C8-3DA9D14E1DFC}.Release|Any CPU.Build.0 = Release|Any CPU
		{0F5E6DEE-258A-4861-B964-AFBE246A5B0F}.Debug|Any CPU.ActiveCfg = Debug|Any CPU
		{0F5E6DEE-258A-4861-B964-AFBE246A5B0F}.Debug|Any CPU.Build.0 = Debug|Any CPU
		{0F5E6DEE-258A-4861-B964-AFBE246A5B0F}.Release|Any CPU.ActiveCfg = Release|Any CPU
		{0F5E6DEE-258A-4861-B964-AFBE246A5B0F}.Release|Any CPU.Build.0 = Release|Any CPU
		{C4665CBD-E6A9-41BD-9532-8F57FC3DA165}.Debug|Any CPU.ActiveCfg = Debug|Any CPU
		{C4665CBD-E6A9-41BD-9532-8F57FC3DA165}.Debug|Any CPU.Build.0 = Debug|Any CPU
		{C4665CBD-E6A9-41BD-9532-8F57FC3DA165}.Release|Any CPU.ActiveCfg = Release|Any CPU
		{C4665CBD-E6A9-41BD-9532-8F57FC3DA165}.Release|Any CPU.Build.0 = Release|Any CPU
		{AD724731-D46D-4DB0-959B-B4D90EB01FFB}.Debug|Any CPU.ActiveCfg = Debug|Any CPU
		{AD724731-D46D-4DB0-959B-B4D90EB01FFB}.Debug|Any CPU.Build.0 = Debug|Any CPU
		{AD724731-D46D-4DB0-959B-B4D90EB01FFB}.Release|Any CPU.ActiveCfg = Release|Any CPU
		{AD724731-D46D-4DB0-959B-B4D90EB01FFB}.Release|Any CPU.Build.0 = Release|Any CPU
		{DA028CD8-6E0F-418A-977D-F87650C9F750}.Debug|Any CPU.ActiveCfg = Debug|Any CPU
		{DA028CD8-6E0F-418A-977D-F87650C9F750}.Debug|Any CPU.Build.0 = Debug|Any CPU
		{DA028CD8-6E0F-418A-977D-F87650C9F750}.Release|Any CPU.ActiveCfg = Release|Any CPU
		{DA028CD8-6E0F-418A-977D-F87650C9F750}.Release|Any CPU.Build.0 = Release|Any CPU
	EndGlobalSection
EndGlobal
